
Microsoft Visual Studio Solution File, Format Version 12.00
# Visual Studio Version 17
VisualStudioVersion = 17.3.32929.385
MinimumVisualStudioVersion = 10.0.40219.1
Project("{9A19103F-16F7-4668-BE54-9A1E7A4F7556}") = "AuroraMod", "AuroraMod.csproj", "{CF4049C8-FA12-49EF-A42A-C44A6ABBD581}"
EndProject
Global
	GlobalSection(SolutionConfigurationPlatforms) = preSolution
		Debug|Any CPU = Debug|Any CPU
		Release|Any CPU = Release|Any CPU
	EndGlobalSection
	GlobalSection(ProjectConfigurationPlatforms) = postSolution
		{CF4049C8-FA12-49EF-A42A-C44A6ABBD581}.Debug|Any CPU.ActiveCfg = Debug|Any CPU
		{CF4049C8-FA12-49EF-A42A-C44A6ABBD581}.Debug|Any CPU.Build.0 = Debug|Any CPU
		{CF4049C8-FA12-49EF-A42A-C44A6ABBD581}.Release|Any CPU.ActiveCfg = Release|Any CPU
		{CF4049C8-FA12-49EF-A42A-C44A6ABBD581}.Release|Any CPU.Build.0 = Release|Any CPU
	EndGlobalSection
	GlobalSection(SolutionProperties) = preSolution
		HideSolutionNode = FALSE
	EndGlobalSection
	GlobalSection(ExtensibilityGlobals) = postSolution
		SolutionGuid = {236A3151-96DE-4E01-8CF2-FFB7C81ABF8F}
	EndGlobalSection
EndGlobal
