
Microsoft Visual Studio Solution File, Format Version 12.00
# Visual Studio Version 17
VisualStudioVersion = 17.2.32526.322
MinimumVisualStudioVersion = 10.0.40219.1
Project("{9A19103F-16F7-4668-BE54-9A1E7A4F7556}") = "AuroraMod", "AuroraMod.csproj", "{38FD0850-467D-4896-941E-9B5289E731C3}"
EndProject
Global
	GlobalSection(SolutionConfigurationPlatforms) = preSolution
		Debug|Any CPU = Debug|Any CPU
		Release|Any CPU = Release|Any CPU
	EndGlobalSection
	GlobalSection(ProjectConfigurationPlatforms) = postSolution
		{38FD0850-467D-4896-941E-9B5289E731C3}.Debug|Any CPU.ActiveCfg = Debug|Any CPU
		{38FD0850-467D-4896-941E-9B5289E731C3}.Debug|Any CPU.Build.0 = Debug|Any CPU
		{38FD0850-467D-4896-941E-9B5289E731C3}.Release|Any CPU.ActiveCfg = Release|Any CPU
		{38FD0850-467D-4896-941E-9B5289E731C3}.Release|Any CPU.Build.0 = Release|Any CPU
	EndGlobalSection
	GlobalSection(SolutionProperties) = preSolution
		HideSolutionNode = FALSE
	EndGlobalSection
	GlobalSection(ExtensibilityGlobals) = postSolution
		SolutionGuid = {13FC03C8-6406-45CC-9392-36D068310155}
	EndGlobalSection
EndGlobal
